
Microsoft Visual Studio Solution File, Format Version 12.00
# Visual Studio Version 16
VisualStudioVersion = 16.0.30011.22
MinimumVisualStudioVersion = 10.0.40219.1
Project("{FAE04EC0-301F-11D3-BF4B-00C04F79EFBC}") = "osu!archive launcher", "osu!archive launcher\osu!archive launcher.csproj", "{796CC965-5C3D-4AA7-87BF-99CAA12B193D}"
EndProject
Global
	GlobalSection(SolutionConfigurationPlatforms) = preSolution
		Debug|Any CPU = Debug|Any CPU
		Release|Any CPU = Release|Any CPU
	EndGlobalSection
	GlobalSection(ProjectConfigurationPlatforms) = postSolution
		{796CC965-5C3D-4AA7-87BF-99CAA12B193D}.Debug|Any CPU.ActiveCfg = Debug|Any CPU
		{796CC965-5C3D-4AA7-87BF-99CAA12B193D}.Debug|Any CPU.Build.0 = Debug|Any CPU
		{796CC965-5C3D-4AA7-87BF-99CAA12B193D}.Release|Any CPU.ActiveCfg = Release|Any CPU
		{796CC965-5C3D-4AA7-87BF-99CAA12B193D}.Release|Any CPU.Build.0 = Release|Any CPU
	EndGlobalSection
	GlobalSection(SolutionProperties) = preSolution
		HideSolutionNode = FALSE
	EndGlobalSection
	GlobalSection(ExtensibilityGlobals) = postSolution
		SolutionGuid = {897A235C-24CA-45DB-B6B4-B7D8B4FFF863}
	EndGlobalSection
EndGlobal
